
Microsoft Visual Studio Solution File, Format Version 12.00
# Visual Studio Version 17
VisualStudioVersion = 17.9.34616.47
MinimumVisualStudioVersion = 10.0.40219.1
Project("{FAE04EC0-301F-11D3-BF4B-00C04F79EFBC}") = "EnvDotNet", "EnvDotNet.csproj", "{504F0E3A-966E-43B2-9224-CFF77DEB390F}"
EndProject
Global
	GlobalSection(SolutionConfigurationPlatforms) = preSolution
		Debug|Any CPU = Debug|Any CPU
		Release|Any CPU = Release|Any CPU
	EndGlobalSection
	GlobalSection(ProjectConfigurationPlatforms) = postSolution
		{504F0E3A-966E-43B2-9224-CFF77DEB390F}.Debug|Any CPU.ActiveCfg = Debug|Any CPU
		{504F0E3A-966E-43B2-9224-CFF77DEB390F}.Debug|Any CPU.Build.0 = Debug|Any CPU
		{504F0E3A-966E-43B2-9224-CFF77DEB390F}.Release|Any CPU.ActiveCfg = Release|Any CPU
		{504F0E3A-966E-43B2-9224-CFF77DEB390F}.Release|Any CPU.Build.0 = Release|Any CPU
	EndGlobalSection
	GlobalSection(SolutionProperties) = preSolution
		HideSolutionNode = FALSE
	EndGlobalSection
	GlobalSection(ExtensibilityGlobals) = postSolution
		SolutionGuid = {5771D847-8A36-415C-A83C-4EB5E9884E99}
	EndGlobalSection
EndGlobal
