
Microsoft Visual Studio Solution File, Format Version 12.00
# Visual Studio Version 17
VisualStudioVersion = 17.9.34616.47
MinimumVisualStudioVersion = 10.0.40219.1
Project("{9A19103F-16F7-4668-BE54-9A1E7A4F7556}") = "EnvDotNet", "EnvDotNet\EnvDotNet.csproj", "{17B6F708-94D9-41B6-9A45-013AEE5EE289}"
EndProject
Project("{9A19103F-16F7-4668-BE54-9A1E7A4F7556}") = "Testing", "Testing\Testing.csproj", "{EA6002D4-F58A-4401-BD63-7747914E1DA6}"
EndProject
Global
	GlobalSection(SolutionConfigurationPlatforms) = preSolution
		Debug|Any CPU = Debug|Any CPU
		Release|Any CPU = Release|Any CPU
	EndGlobalSection
	GlobalSection(ProjectConfigurationPlatforms) = postSolution
		{17B6F708-94D9-41B6-9A45-013AEE5EE289}.Debug|Any CPU.ActiveCfg = Debug|Any CPU
		{17B6F708-94D9-41B6-9A45-013AEE5EE289}.Debug|Any CPU.Build.0 = Debug|Any CPU
		{17B6F708-94D9-41B6-9A45-013AEE5EE289}.Release|Any CPU.ActiveCfg = Release|Any CPU
		{17B6F708-94D9-41B6-9A45-013AEE5EE289}.Release|Any CPU.Build.0 = Release|Any CPU
		{EA6002D4-F58A-4401-BD63-7747914E1DA6}.Debug|Any CPU.ActiveCfg = Debug|Any CPU
		{EA6002D4-F58A-4401-BD63-7747914E1DA6}.Debug|Any CPU.Build.0 = Debug|Any CPU
		{EA6002D4-F58A-4401-BD63-7747914E1DA6}.Release|Any CPU.ActiveCfg = Release|Any CPU
		{EA6002D4-F58A-4401-BD63-7747914E1DA6}.Release|Any CPU.Build.0 = Release|Any CPU
	EndGlobalSection
	GlobalSection(SolutionProperties) = preSolution
		HideSolutionNode = FALSE
	EndGlobalSection
	GlobalSection(ExtensibilityGlobals) = postSolution
		SolutionGuid = {5771D847-8A36-415C-A83C-4EB5E9884E99}
	EndGlobalSection
EndGlobal
